
Microsoft Visual Studio Solution File, Format Version 12.00
# Visual Studio 15
VisualStudioVersion = 15.0.28307.852
MinimumVisualStudioVersion = 10.0.40219.1
Project("{8BC9CEB8-8B4A-11D0-8D11-00A0C91BC942}") = "Githubtest", "Githubtest\Githubtest.vcxproj", "{282EC5EC-B694-4E07-A9C3-9B3165815702}"
EndProject
Global
	GlobalSection(SolutionConfigurationPlatforms) = preSolution
		Debug|x64 = Debug|x64
		Debug|x86 = Debug|x86
		Release|x64 = Release|x64
		Release|x86 = Release|x86
	EndGlobalSection
	GlobalSection(ProjectConfigurationPlatforms) = postSolution
		{282EC5EC-B694-4E07-A9C3-9B3165815702}.Debug|x64.ActiveCfg = Debug|x64
		{282EC5EC-B694-4E07-A9C3-9B3165815702}.Debug|x64.Build.0 = Debug|x64
		{282EC5EC-B694-4E07-A9C3-9B3165815702}.Debug|x86.ActiveCfg = Debug|Win32
		{282EC5EC-B694-4E07-A9C3-9B3165815702}.Debug|x86.Build.0 = Debug|Win32
		{282EC5EC-B694-4E07-A9C3-9B3165815702}.Release|x64.ActiveCfg = Release|x64
		{282EC5EC-B694-4E07-A9C3-9B3165815702}.Release|x64.Build.0 = Release|x64
		{282EC5EC-B694-4E07-A9C3-9B3165815702}.Release|x86.ActiveCfg = Release|Win32
		{282EC5EC-B694-4E07-A9C3-9B3165815702}.Release|x86.Build.0 = Release|Win32
	EndGlobalSection
	GlobalSection(SolutionProperties) = preSolution
		HideSolutionNode = FALSE
	EndGlobalSection
	GlobalSection(ExtensibilityGlobals) = postSolution
		SolutionGuid = {AADAB2E2-E465-4E67-B818-B636B6992966}
	EndGlobalSection
EndGlobal
